
Microsoft Visual Studio Solution File, Format Version 12.00
# Visual Studio Version 17
VisualStudioVersion = 17.3.32929.385
MinimumVisualStudioVersion = 10.0.40219.1
Project("{FAE04EC0-301F-11D3-BF4B-00C04F79EFBC}") = "Prueba", "Prueba\Prueba.csproj", "{671DF4E5-6EDF-41B8-B395-664F90CE4A1D}"
EndProject
Global
	GlobalSection(SolutionConfigurationPlatforms) = preSolution
		Debug|Any CPU = Debug|Any CPU
		Release|Any CPU = Release|Any CPU
	EndGlobalSection
	GlobalSection(ProjectConfigurationPlatforms) = postSolution
		{671DF4E5-6EDF-41B8-B395-664F90CE4A1D}.Debug|Any CPU.ActiveCfg = Debug|Any CPU
		{671DF4E5-6EDF-41B8-B395-664F90CE4A1D}.Debug|Any CPU.Build.0 = Debug|Any CPU
		{671DF4E5-6EDF-41B8-B395-664F90CE4A1D}.Release|Any CPU.ActiveCfg = Release|Any CPU
		{671DF4E5-6EDF-41B8-B395-664F90CE4A1D}.Release|Any CPU.Build.0 = Release|Any CPU
	EndGlobalSection
	GlobalSection(SolutionProperties) = preSolution
		HideSolutionNode = FALSE
	EndGlobalSection
	GlobalSection(ExtensibilityGlobals) = postSolution
		SolutionGuid = {DD8B8FB4-E28B-4AF6-8DFD-2B5D16EB43AE}
	EndGlobalSection
EndGlobal
